
Microsoft Visual Studio Solution File, Format Version 12.00
# Visual Studio 15
VisualStudioVersion = 15.0.28307.136
MinimumVisualStudioVersion = 10.0.40219.1
Project("{FAE04EC0-301F-11D3-BF4B-00C04F79EFBC}") = "OOSD Project Phase 2", "OOSD Project Phase 2\OOSD Project Phase 2.csproj", "{6463B3EA-5E98-4809-9457-D0B4B72EA846}"
EndProject
Global
	GlobalSection(SolutionConfigurationPlatforms) = preSolution
		Debug|Any CPU = Debug|Any CPU
		Release|Any CPU = Release|Any CPU
	EndGlobalSection
	GlobalSection(ProjectConfigurationPlatforms) = postSolution
		{6463B3EA-5E98-4809-9457-D0B4B72EA846}.Debug|Any CPU.ActiveCfg = Debug|Any CPU
		{6463B3EA-5E98-4809-9457-D0B4B72EA846}.Debug|Any CPU.Build.0 = Debug|Any CPU
		{6463B3EA-5E98-4809-9457-D0B4B72EA846}.Release|Any CPU.ActiveCfg = Release|Any CPU
		{6463B3EA-5E98-4809-9457-D0B4B72EA846}.Release|Any CPU.Build.0 = Release|Any CPU
	EndGlobalSection
	GlobalSection(SolutionProperties) = preSolution
		HideSolutionNode = FALSE
	EndGlobalSection
	GlobalSection(ExtensibilityGlobals) = postSolution
		SolutionGuid = {94F7956E-9A7E-4FDF-A00B-E540B6498A02}
	EndGlobalSection
EndGlobal
