
Microsoft Visual Studio Solution File, Format Version 12.00
# Visual Studio 15
VisualStudioVersion = 15.0.28307.136
MinimumVisualStudioVersion = 10.0.40219.1
Project("{FAE04EC0-301F-11D3-BF4B-00C04F79EFBC}") = "ASP Project Final", "ASP Project Final\ASP Project Final.csproj", "{B9FCBF2C-CCCD-433C-83A5-0E19933C1791}"
EndProject
Global
	GlobalSection(SolutionConfigurationPlatforms) = preSolution
		Debug|Any CPU = Debug|Any CPU
		Release|Any CPU = Release|Any CPU
	EndGlobalSection
	GlobalSection(ProjectConfigurationPlatforms) = postSolution
		{B9FCBF2C-CCCD-433C-83A5-0E19933C1791}.Debug|Any CPU.ActiveCfg = Debug|Any CPU
		{B9FCBF2C-CCCD-433C-83A5-0E19933C1791}.Debug|Any CPU.Build.0 = Debug|Any CPU
		{B9FCBF2C-CCCD-433C-83A5-0E19933C1791}.Release|Any CPU.ActiveCfg = Release|Any CPU
		{B9FCBF2C-CCCD-433C-83A5-0E19933C1791}.Release|Any CPU.Build.0 = Release|Any CPU
	EndGlobalSection
	GlobalSection(SolutionProperties) = preSolution
		HideSolutionNode = FALSE
	EndGlobalSection
	GlobalSection(ExtensibilityGlobals) = postSolution
		SolutionGuid = {A4E8D2C7-F4D6-4267-B694-798E4C9E07EF}
	EndGlobalSection
EndGlobal
