
Microsoft Visual Studio Solution File, Format Version 12.00
# Visual Studio 15
VisualStudioVersion = 15.0.28307.136
MinimumVisualStudioVersion = 10.0.40219.1
Project("{FAE04EC0-301F-11D3-BF4B-00C04F79EFBC}") = "TravelExpertsServices", "TravelExpertsServices\TravelExpertsServices.csproj", "{2CBF80FA-F296-4782-8CB3-A802A2D2D61F}"
EndProject
Global
	GlobalSection(SolutionConfigurationPlatforms) = preSolution
		Debug|Any CPU = Debug|Any CPU
		Release|Any CPU = Release|Any CPU
	EndGlobalSection
	GlobalSection(ProjectConfigurationPlatforms) = postSolution
		{2CBF80FA-F296-4782-8CB3-A802A2D2D61F}.Debug|Any CPU.ActiveCfg = Debug|Any CPU
		{2CBF80FA-F296-4782-8CB3-A802A2D2D61F}.Debug|Any CPU.Build.0 = Debug|Any CPU
		{2CBF80FA-F296-4782-8CB3-A802A2D2D61F}.Release|Any CPU.ActiveCfg = Release|Any CPU
		{2CBF80FA-F296-4782-8CB3-A802A2D2D61F}.Release|Any CPU.Build.0 = Release|Any CPU
	EndGlobalSection
	GlobalSection(SolutionProperties) = preSolution
		HideSolutionNode = FALSE
	EndGlobalSection
	GlobalSection(ExtensibilityGlobals) = postSolution
		SolutionGuid = {BA02617A-E37D-4B94-973E-B9E6C2D83407}
	EndGlobalSection
EndGlobal
